// !$*UTF8*$!
{
	archiveVersion = 1;
	classes = {
	};
	objectVersion = 46;
	objects = {

/* Begin PBXBuildFile section */
		019568155D23BBB189032E3E /* Pods_Turms.framework in Frameworks */ = {isa = PBXBuildFile; fileRef = 0B7B0E02F13D6DFE0132AFF0 /* Pods_Turms.framework */; };
		900158361F2020750039C908 /* CreateCityPostVC+handlers.swift in Sources */ = {isa = PBXBuildFile; fileRef = 900158351F2020750039C908 /* CreateCityPostVC+handlers.swift */; };
		900D41681F17D79700630C67 /* User.swift in Sources */ = {isa = PBXBuildFile; fileRef = 900D41671F17D79700630C67 /* User.swift */; };
		900D416A1F17D97900630C67 /* TourGuide.swift in Sources */ = {isa = PBXBuildFile; fileRef = 900D41691F17D97900630C67 /* TourGuide.swift */; };
		900D416C1F17DA0400630C67 /* Constants.swift in Sources */ = {isa = PBXBuildFile; fileRef = 900D416B1F17DA0400630C67 /* Constants.swift */; };
		9019EDCA1F266FE600523FDD /* VoteService.swift in Sources */ = {isa = PBXBuildFile; fileRef = 9019EDC91F266FE600523FDD /* VoteService.swift */; };
		9019EDCC1F2A52CC00523FDD /* UITableViewCell+IndexPath.swift in Sources */ = {isa = PBXBuildFile; fileRef = 9019EDCB1F2A52CC00523FDD /* UITableViewCell+IndexPath.swift */; };
		90248D011F32766600A4CF6D /* UIView+Border.swift in Sources */ = {isa = PBXBuildFile; fileRef = 90248D001F32766600A4CF6D /* UIView+Border.swift */; };
		90248D031F3276C500A4CF6D /* UIColor+Theme.swift in Sources */ = {isa = PBXBuildFile; fileRef = 90248D021F3276C500A4CF6D /* UIColor+Theme.swift */; };
		9032059C1F3AD0A0009FCCE4 /* TurmsPaginationHelper.swift in Sources */ = {isa = PBXBuildFile; fileRef = 9032059B1F3AD0A0009FCCE4 /* TurmsPaginationHelper.swift */; };
		9032059E1F3B7FEA009FCCE4 /* double_line_7.ttf in Resources */ = {isa = PBXBuildFile; fileRef = 9032059D1F3B7FEA009FCCE4 /* double_line_7.ttf */; };
		903510631F37D7AF002ED718 /* ExploreFeedHeaderCell.swift in Sources */ = {isa = PBXBuildFile; fileRef = 903510621F37D7AE002ED718 /* ExploreFeedHeaderCell.swift */; };
		903975861F38E606002C9B6B /* UITextView+Placeholder.swift in Sources */ = {isa = PBXBuildFile; fileRef = 903975851F38E606002C9B6B /* UITextView+Placeholder.swift */; };
		906625D51F1D290500B9087F /* ExploreFeedTextCell.swift in Sources */ = {isa = PBXBuildFile; fileRef = 906625D41F1D290500B9087F /* ExploreFeedTextCell.swift */; };
		906625D71F1D382D00B9087F /* ExploreFeedImageCell.swift in Sources */ = {isa = PBXBuildFile; fileRef = 906625D61F1D382D00B9087F /* ExploreFeedImageCell.swift */; };
		906625D91F1D384300B9087F /* ExploreFeedFooterCell.swift in Sources */ = {isa = PBXBuildFile; fileRef = 906625D81F1D384300B9087F /* ExploreFeedFooterCell.swift */; };
		906625DB1F1D52BD00B9087F /* UserService.swift in Sources */ = {isa = PBXBuildFile; fileRef = 906625DA1F1D52BD00B9087F /* UserService.swift */; };
		906625DD1F1D530F00B9087F /* Typealias.swift in Sources */ = {isa = PBXBuildFile; fileRef = 906625DC1F1D530F00B9087F /* Typealias.swift */; };
		906625DF1F1DB8FE00B9087F /* TourGuideService.swift in Sources */ = {isa = PBXBuildFile; fileRef = 906625DE1F1DB8FE00B9087F /* TourGuideService.swift */; };
		9074FD3E1F38DC10002F411A /* FindALocalVC.swift in Sources */ = {isa = PBXBuildFile; fileRef = 9074FD3D1F38DC10002F411A /* FindALocalVC.swift */; };
		908285341F33E41C0007111A /* UILabel+Rounded.swift in Sources */ = {isa = PBXBuildFile; fileRef = 908285331F33E41C0007111A /* UILabel+Rounded.swift */; };
		908285381F33F82D0007111A /* GuideProfileVC.swift in Sources */ = {isa = PBXBuildFile; fileRef = 908285371F33F82D0007111A /* GuideProfileVC.swift */; };
		9082853B1F351A570007111A /* UserProfileVC.swift in Sources */ = {isa = PBXBuildFile; fileRef = 9082853A1F351A570007111A /* UserProfileVC.swift */; };
		90A7D5D31F16908800CCD5DE /* AppDelegate.swift in Sources */ = {isa = PBXBuildFile; fileRef = 90A7D5D21F16908800CCD5DE /* AppDelegate.swift */; };
		90A7D5D51F16908800CCD5DE /* ViewController.swift in Sources */ = {isa = PBXBuildFile; fileRef = 90A7D5D41F16908800CCD5DE /* ViewController.swift */; };
		90A7D5D81F16908800CCD5DE /* Main.storyboard in Resources */ = {isa = PBXBuildFile; fileRef = 90A7D5D61F16908800CCD5DE /* Main.storyboard */; };
		90A7D5DB1F16908800CCD5DE /* KnowYourDestination.xcdatamodeld in Sources */ = {isa = PBXBuildFile; fileRef = 90A7D5D91F16908800CCD5DE /* KnowYourDestination.xcdatamodeld */; };
		90A7D5DD1F16908800CCD5DE /* Assets.xcassets in Resources */ = {isa = PBXBuildFile; fileRef = 90A7D5DC1F16908800CCD5DE /* Assets.xcassets */; };
		90A7D5E01F16908800CCD5DE /* LaunchScreen.storyboard in Resources */ = {isa = PBXBuildFile; fileRef = 90A7D5DE1F16908800CCD5DE /* LaunchScreen.storyboard */; };
		90A7D5EF1F1693F800CCD5DE /* GoogleService-Info.plist in Resources */ = {isa = PBXBuildFile; fileRef = 90A7D5EE1F1693F800CCD5DE /* GoogleService-Info.plist */; };
		90A7D5F31F16A08800CCD5DE /* Login.storyboard in Resources */ = {isa = PBXBuildFile; fileRef = 90A7D5F21F16A08800CCD5DE /* Login.storyboard */; };
		90A7D5F51F16A62900CCD5DE /* LoginVC.swift in Sources */ = {isa = PBXBuildFile; fileRef = 90A7D5F41F16A62900CCD5DE /* LoginVC.swift */; };
		90A7D5F71F16A6BC00CCD5DE /* CreateProfileWithEmailVC.swift in Sources */ = {isa = PBXBuildFile; fileRef = 90A7D5F61F16A6BC00CCD5DE /* CreateProfileWithEmailVC.swift */; };
		90A7D5FA1F16D4E500CCD5DE /* EmailLogin.xib in Resources */ = {isa = PBXBuildFile; fileRef = 90A7D5F91F16D4E500CCD5DE /* EmailLogin.xib */; };
		90A7D5FC1F16D55500CCD5DE /* EmailLoginView.swift in Sources */ = {isa = PBXBuildFile; fileRef = 90A7D5FB1F16D55500CCD5DE /* EmailLoginView.swift */; };
		90C5CC061F3A21B700382415 /* MaterialView.swift in Sources */ = {isa = PBXBuildFile; fileRef = 90C5CC051F3A21B700382415 /* MaterialView.swift */; };
		90D1DB0C1F1E8F720030D0F5 /* CityPost.swift in Sources */ = {isa = PBXBuildFile; fileRef = 90D1DB0B1F1E8F720030D0F5 /* CityPost.swift */; };
		90D1DB0E1F1EA58A0030D0F5 /* CityPostService.swift in Sources */ = {isa = PBXBuildFile; fileRef = 90D1DB0D1F1EA58A0030D0F5 /* CityPostService.swift */; };
		90D1DB1D1F1EFA490030D0F5 /* CreateCityPostVC.swift in Sources */ = {isa = PBXBuildFile; fileRef = 90D1DB1C1F1EFA490030D0F5 /* CreateCityPostVC.swift */; };
		90D997DB1F1C17DE00443315 /* Register.xib in Resources */ = {isa = PBXBuildFile; fileRef = 90D997DA1F1C17DE00443315 /* Register.xib */; };
		90D997DD1F1C185500443315 /* RegisterView.swift in Sources */ = {isa = PBXBuildFile; fileRef = 90D997DC1F1C185500443315 /* RegisterView.swift */; };
		90D997DF1F1C2FB100443315 /* Guide.storyboard in Resources */ = {isa = PBXBuildFile; fileRef = 90D997DE1F1C2FB100443315 /* Guide.storyboard */; };
		90D997E11F1C30EC00443315 /* UserFeedVC.swift in Sources */ = {isa = PBXBuildFile; fileRef = 90D997E01F1C30EC00443315 /* UserFeedVC.swift */; };
		90D997E31F1C310400443315 /* TravelGuideFeedVC.swift in Sources */ = {isa = PBXBuildFile; fileRef = 90D997E21F1C310400443315 /* TravelGuideFeedVC.swift */; };
		90D997E51F1C343D00443315 /* Storyboard+Utility.swift in Sources */ = {isa = PBXBuildFile; fileRef = 90D997E41F1C343D00443315 /* Storyboard+Utility.swift */; };
		90D997E71F1C391800443315 /* RegisterVC.swift in Sources */ = {isa = PBXBuildFile; fileRef = 90D997E61F1C391800443315 /* RegisterVC.swift */; };
		90EDB47B1F3B92D000332ACC /* GifImageView.swift in Sources */ = {isa = PBXBuildFile; fileRef = 90EDB47A1F3B92D000332ACC /* GifImageView.swift */; };
		90EDB47D1F3B9E7300332ACC /* loginGif.gif in Resources */ = {isa = PBXBuildFile; fileRef = 90EDB47C1F3B9E7300332ACC /* loginGif.gif */; };
		90EDB47F1F3BA8BE00332ACC /* CustomTextField.swift in Sources */ = {isa = PBXBuildFile; fileRef = 90EDB47E1F3BA8BE00332ACC /* CustomTextField.swift */; };
		90EDB4811F3BAA5800332ACC /* registerGif.gif in Resources */ = {isa = PBXBuildFile; fileRef = 90EDB4801F3BAA5800332ACC /* registerGif.gif */; };
		90EDB4831F3BAF8B00332ACC /* UIView+Rounded.swift in Sources */ = {isa = PBXBuildFile; fileRef = 90EDB4821F3BAF8B00332ACC /* UIView+Rounded.swift */; };
		B68FC158AABBCE078AADF773 /* Pods_KnowYourDestination.framework in Frameworks */ = {isa = PBXBuildFile; fileRef = 9EB50075B0C0519456E0AF53 /* Pods_KnowYourDestination.framework */; };
/* End PBXBuildFile section */

/* Begin PBXFileReference section */
		0677274755770CDF328D3F27 /* Pods-KnowYourDestination.debug.xcconfig */ = {isa = PBXFileReference; includeInIndex = 1; lastKnownFileType = text.xcconfig; name = "Pods-KnowYourDestination.debug.xcconfig"; path = "Pods/Target Support Files/Pods-KnowYourDestination/Pods-KnowYourDestination.debug.xcconfig"; sourceTree = "<group>"; };
		0B7B0E02F13D6DFE0132AFF0 /* Pods_Turms.framework */ = {isa = PBXFileReference; explicitFileType = wrapper.framework; includeInIndex = 0; path = Pods_Turms.framework; sourceTree = BUILT_PRODUCTS_DIR; };
		13CCBE295C858F1C63624D4A /* Pods-KnowYourDestination.release.xcconfig */ = {isa = PBXFileReference; includeInIndex = 1; lastKnownFileType = text.xcconfig; name = "Pods-KnowYourDestination.release.xcconfig"; path = "Pods/Target Support Files/Pods-KnowYourDestination/Pods-KnowYourDestination.release.xcconfig"; sourceTree = "<group>"; };
		599FCE7F87E142B4F9D67AD3 /* Pods-Turms.release.xcconfig */ = {isa = PBXFileReference; includeInIndex = 1; lastKnownFileType = text.xcconfig; name = "Pods-Turms.release.xcconfig"; path = "Pods/Target Support Files/Pods-Turms/Pods-Turms.release.xcconfig"; sourceTree = "<group>"; };
		900158351F2020750039C908 /* CreateCityPostVC+handlers.swift */ = {isa = PBXFileReference; fileEncoding = 4; lastKnownFileType = sourcecode.swift; path = "CreateCityPostVC+handlers.swift"; sourceTree = "<group>"; };
		900D41671F17D79700630C67 /* User.swift */ = {isa = PBXFileReference; fileEncoding = 4; lastKnownFileType = sourcecode.swift; path = User.swift; sourceTree = "<group>"; };
		900D41691F17D97900630C67 /* TourGuide.swift */ = {isa = PBXFileReference; fileEncoding = 4; lastKnownFileType = sourcecode.swift; path = TourGuide.swift; sourceTree = "<group>"; };
		900D416B1F17DA0400630C67 /* Constants.swift */ = {isa = PBXFileReference; fileEncoding = 4; lastKnownFileType = sourcecode.swift; path = Constants.swift; sourceTree = "<group>"; };
		9019EDC91F266FE600523FDD /* VoteService.swift */ = {isa = PBXFileReference; fileEncoding = 4; lastKnownFileType = sourcecode.swift; path = VoteService.swift; sourceTree = "<group>"; };
		9019EDCB1F2A52CC00523FDD /* UITableViewCell+IndexPath.swift */ = {isa = PBXFileReference; fileEncoding = 4; lastKnownFileType = sourcecode.swift; path = "UITableViewCell+IndexPath.swift"; sourceTree = "<group>"; };
		90248D001F32766600A4CF6D /* UIView+Border.swift */ = {isa = PBXFileReference; fileEncoding = 4; lastKnownFileType = sourcecode.swift; path = "UIView+Border.swift"; sourceTree = "<group>"; };
		90248D021F3276C500A4CF6D /* UIColor+Theme.swift */ = {isa = PBXFileReference; fileEncoding = 4; lastKnownFileType = sourcecode.swift; path = "UIColor+Theme.swift"; sourceTree = "<group>"; };
		9032059B1F3AD0A0009FCCE4 /* TurmsPaginationHelper.swift */ = {isa = PBXFileReference; fileEncoding = 4; lastKnownFileType = sourcecode.swift; path = TurmsPaginationHelper.swift; sourceTree = "<group>"; };
		9032059D1F3B7FEA009FCCE4 /* double_line_7.ttf */ = {isa = PBXFileReference; lastKnownFileType = file; path = double_line_7.ttf; sourceTree = "<group>"; };
		903510621F37D7AE002ED718 /* ExploreFeedHeaderCell.swift */ = {isa = PBXFileReference; fileEncoding = 4; lastKnownFileType = sourcecode.swift; path = ExploreFeedHeaderCell.swift; sourceTree = "<group>"; };
		903975851F38E606002C9B6B /* UITextView+Placeholder.swift */ = {isa = PBXFileReference; fileEncoding = 4; lastKnownFileType = sourcecode.swift; path = "UITextView+Placeholder.swift"; sourceTree = "<group>"; };
		906625D41F1D290500B9087F /* ExploreFeedTextCell.swift */ = {isa = PBXFileReference; fileEncoding = 4; lastKnownFileType = sourcecode.swift; path = ExploreFeedTextCell.swift; sourceTree = "<group>"; };
		906625D61F1D382D00B9087F /* ExploreFeedImageCell.swift */ = {isa = PBXFileReference; fileEncoding = 4; lastKnownFileType = sourcecode.swift; path = ExploreFeedImageCell.swift; sourceTree = "<group>"; };
		906625D81F1D384300B9087F /* ExploreFeedFooterCell.swift */ = {isa = PBXFileReference; fileEncoding = 4; lastKnownFileType = sourcecode.swift; path = ExploreFeedFooterCell.swift; sourceTree = "<group>"; };
		906625DA1F1D52BD00B9087F /* UserService.swift */ = {isa = PBXFileReference; fileEncoding = 4; lastKnownFileType = sourcecode.swift; path = UserService.swift; sourceTree = "<group>"; };
		906625DC1F1D530F00B9087F /* Typealias.swift */ = {isa = PBXFileReference; fileEncoding = 4; lastKnownFileType = sourcecode.swift; path = Typealias.swift; sourceTree = "<group>"; };
		906625DE1F1DB8FE00B9087F /* TourGuideService.swift */ = {isa = PBXFileReference; fileEncoding = 4; lastKnownFileType = sourcecode.swift; path = TourGuideService.swift; sourceTree = "<group>"; };
		9074FD3D1F38DC10002F411A /* FindALocalVC.swift */ = {isa = PBXFileReference; fileEncoding = 4; lastKnownFileType = sourcecode.swift; path = FindALocalVC.swift; sourceTree = "<group>"; };
		908285331F33E41C0007111A /* UILabel+Rounded.swift */ = {isa = PBXFileReference; fileEncoding = 4; lastKnownFileType = sourcecode.swift; path = "UILabel+Rounded.swift"; sourceTree = "<group>"; };
		908285371F33F82D0007111A /* GuideProfileVC.swift */ = {isa = PBXFileReference; fileEncoding = 4; lastKnownFileType = sourcecode.swift; path = GuideProfileVC.swift; sourceTree = "<group>"; };
		9082853A1F351A570007111A /* UserProfileVC.swift */ = {isa = PBXFileReference; fileEncoding = 4; lastKnownFileType = sourcecode.swift; path = UserProfileVC.swift; sourceTree = "<group>"; };
		90A7D5CF1F16908800CCD5DE /* KnowYourDestination.app */ = {isa = PBXFileReference; explicitFileType = wrapper.application; includeInIndex = 0; path = KnowYourDestination.app; sourceTree = BUILT_PRODUCTS_DIR; };
		90A7D5D21F16908800CCD5DE /* AppDelegate.swift */ = {isa = PBXFileReference; lastKnownFileType = sourcecode.swift; path = AppDelegate.swift; sourceTree = "<group>"; };
		90A7D5D41F16908800CCD5DE /* ViewController.swift */ = {isa = PBXFileReference; lastKnownFileType = sourcecode.swift; path = ViewController.swift; sourceTree = "<group>"; };
		90A7D5D71F16908800CCD5DE /* Base */ = {isa = PBXFileReference; lastKnownFileType = file.storyboard; name = Base; path = Base.lproj/Main.storyboard; sourceTree = "<group>"; };
		90A7D5DA1F16908800CCD5DE /* KnowYourDestination.xcdatamodel */ = {isa = PBXFileReference; lastKnownFileType = wrapper.xcdatamodel; path = KnowYourDestination.xcdatamodel; sourceTree = "<group>"; };
		90A7D5DC1F16908800CCD5DE /* Assets.xcassets */ = {isa = PBXFileReference; lastKnownFileType = folder.assetcatalog; path = Assets.xcassets; sourceTree = "<group>"; };
		90A7D5DF1F16908800CCD5DE /* Base */ = {isa = PBXFileReference; lastKnownFileType = file.storyboard; name = Base; path = Base.lproj/LaunchScreen.storyboard; sourceTree = "<group>"; };
		90A7D5E11F16908800CCD5DE /* Info.plist */ = {isa = PBXFileReference; lastKnownFileType = text.plist.xml; path = Info.plist; sourceTree = "<group>"; };
		90A7D5EE1F1693F800CCD5DE /* GoogleService-Info.plist */ = {isa = PBXFileReference; fileEncoding = 4; lastKnownFileType = text.plist.xml; path = "GoogleService-Info.plist"; sourceTree = "<group>"; };
		90A7D5F21F16A08800CCD5DE /* Login.storyboard */ = {isa = PBXFileReference; fileEncoding = 4; lastKnownFileType = file.storyboard; path = Login.storyboard; sourceTree = "<group>"; };
		90A7D5F41F16A62900CCD5DE /* LoginVC.swift */ = {isa = PBXFileReference; fileEncoding = 4; lastKnownFileType = sourcecode.swift; path = LoginVC.swift; sourceTree = "<group>"; };
		90A7D5F61F16A6BC00CCD5DE /* CreateProfileWithEmailVC.swift */ = {isa = PBXFileReference; fileEncoding = 4; lastKnownFileType = sourcecode.swift; path = CreateProfileWithEmailVC.swift; sourceTree = "<group>"; };
		90A7D5F91F16D4E500CCD5DE /* EmailLogin.xib */ = {isa = PBXFileReference; fileEncoding = 4; lastKnownFileType = file.xib; path = EmailLogin.xib; sourceTree = "<group>"; };
		90A7D5FB1F16D55500CCD5DE /* EmailLoginView.swift */ = {isa = PBXFileReference; fileEncoding = 4; lastKnownFileType = sourcecode.swift; path = EmailLoginView.swift; sourceTree = "<group>"; };
		90C5CC051F3A21B700382415 /* MaterialView.swift */ = {isa = PBXFileReference; fileEncoding = 4; lastKnownFileType = sourcecode.swift; path = MaterialView.swift; sourceTree = "<group>"; };
		90D1DB0B1F1E8F720030D0F5 /* CityPost.swift */ = {isa = PBXFileReference; fileEncoding = 4; lastKnownFileType = sourcecode.swift; path = CityPost.swift; sourceTree = "<group>"; };
		90D1DB0D1F1EA58A0030D0F5 /* CityPostService.swift */ = {isa = PBXFileReference; fileEncoding = 4; lastKnownFileType = sourcecode.swift; path = CityPostService.swift; sourceTree = "<group>"; };
		90D1DB1C1F1EFA490030D0F5 /* CreateCityPostVC.swift */ = {isa = PBXFileReference; fileEncoding = 4; lastKnownFileType = sourcecode.swift; path = CreateCityPostVC.swift; sourceTree = "<group>"; };
		90D997DA1F1C17DE00443315 /* Register.xib */ = {isa = PBXFileReference; fileEncoding = 4; lastKnownFileType = file.xib; path = Register.xib; sourceTree = "<group>"; };
		90D997DC1F1C185500443315 /* RegisterView.swift */ = {isa = PBXFileReference; fileEncoding = 4; lastKnownFileType = sourcecode.swift; path = RegisterView.swift; sourceTree = "<group>"; };
		90D997DE1F1C2FB100443315 /* Guide.storyboard */ = {isa = PBXFileReference; fileEncoding = 4; lastKnownFileType = file.storyboard; path = Guide.storyboard; sourceTree = "<group>"; };
		90D997E01F1C30EC00443315 /* UserFeedVC.swift */ = {isa = PBXFileReference; fileEncoding = 4; lastKnownFileType = sourcecode.swift; path = UserFeedVC.swift; sourceTree = "<group>"; };
		90D997E21F1C310400443315 /* TravelGuideFeedVC.swift */ = {isa = PBXFileReference; fileEncoding = 4; lastKnownFileType = sourcecode.swift; path = TravelGuideFeedVC.swift; sourceTree = "<group>"; };
		90D997E41F1C343D00443315 /* Storyboard+Utility.swift */ = {isa = PBXFileReference; fileEncoding = 4; lastKnownFileType = sourcecode.swift; path = "Storyboard+Utility.swift"; sourceTree = "<group>"; };
		90D997E61F1C391800443315 /* RegisterVC.swift */ = {isa = PBXFileReference; fileEncoding = 4; lastKnownFileType = sourcecode.swift; path = RegisterVC.swift; sourceTree = "<group>"; };
		90EDB47A1F3B92D000332ACC /* GifImageView.swift */ = {isa = PBXFileReference; fileEncoding = 4; lastKnownFileType = sourcecode.swift; path = GifImageView.swift; sourceTree = "<group>"; };
		90EDB47C1F3B9E7300332ACC /* loginGif.gif */ = {isa = PBXFileReference; lastKnownFileType = image.gif; path = loginGif.gif; sourceTree = "<group>"; };
		90EDB47E1F3BA8BE00332ACC /* CustomTextField.swift */ = {isa = PBXFileReference; fileEncoding = 4; lastKnownFileType = sourcecode.swift; path = CustomTextField.swift; sourceTree = "<group>"; };
		90EDB4801F3BAA5800332ACC /* registerGif.gif */ = {isa = PBXFileReference; lastKnownFileType = image.gif; path = registerGif.gif; sourceTree = "<group>"; };
		90EDB4821F3BAF8B00332ACC /* UIView+Rounded.swift */ = {isa = PBXFileReference; fileEncoding = 4; lastKnownFileType = sourcecode.swift; path = "UIView+Rounded.swift"; sourceTree = "<group>"; };
		9EB50075B0C0519456E0AF53 /* Pods_KnowYourDestination.framework */ = {isa = PBXFileReference; explicitFileType = wrapper.framework; includeInIndex = 0; path = Pods_KnowYourDestination.framework; sourceTree = BUILT_PRODUCTS_DIR; };
		C2D1BE205C45884841ECABAB /* Pods-Turms.debug.xcconfig */ = {isa = PBXFileReference; includeInIndex = 1; lastKnownFileType = text.xcconfig; name = "Pods-Turms.debug.xcconfig"; path = "Pods/Target Support Files/Pods-Turms/Pods-Turms.debug.xcconfig"; sourceTree = "<group>"; };
/* End PBXFileReference section */

/* Begin PBXFrameworksBuildPhase section */
		90A7D5CC1F16908800CCD5DE /* Frameworks */ = {
			isa = PBXFrameworksBuildPhase;
			buildActionMask = 2147483647;
			files = (
				B68FC158AABBCE078AADF773 /* Pods_KnowYourDestination.framework in Frameworks */,
				019568155D23BBB189032E3E /* Pods_Turms.framework in Frameworks */,
			);
			runOnlyForDeploymentPostprocessing = 0;
		};
/* End PBXFrameworksBuildPhase section */

/* Begin PBXGroup section */
		45676CDF0AD58F997E9FA636 /* Pods */ = {
			isa = PBXGroup;
			children = (
				0677274755770CDF328D3F27 /* Pods-KnowYourDestination.debug.xcconfig */,
				13CCBE295C858F1C63624D4A /* Pods-KnowYourDestination.release.xcconfig */,
				C2D1BE205C45884841ECABAB /* Pods-Turms.debug.xcconfig */,
				599FCE7F87E142B4F9D67AD3 /* Pods-Turms.release.xcconfig */,
			);
			name = Pods;
			sourceTree = "<group>";
		};
		908285351F33F7DE0007111A /* Guide */ = {
			isa = PBXGroup;
			children = (
				908285371F33F82D0007111A /* GuideProfileVC.swift */,
			);
			name = Guide;
			sourceTree = "<group>";
		};
		908285361F33F7E70007111A /* General User */ = {
			isa = PBXGroup;
			children = (
				9082853A1F351A570007111A /* UserProfileVC.swift */,
			);
			name = "General User";
			sourceTree = "<group>";
		};
		90A7D5C61F16908800CCD5DE = {
			isa = PBXGroup;
			children = (
				90A7D5D11F16908800CCD5DE /* Turms */,
				90A7D5D01F16908800CCD5DE /* Products */,
				45676CDF0AD58F997E9FA636 /* Pods */,
				A1EDC4C65147F4941A7A6498 /* Frameworks */,
			);
			sourceTree = "<group>";
		};
		90A7D5D01F16908800CCD5DE /* Products */ = {
			isa = PBXGroup;
			children = (
				90A7D5CF1F16908800CCD5DE /* KnowYourDestination.app */,
			);
			name = Products;
			sourceTree = "<group>";
		};
		90A7D5D11F16908800CCD5DE /* Turms */ = {
			isa = PBXGroup;
			children = (
				90A7D5ED1F16914E00CCD5DE /* Extensions */,
				90A7D5EA1F16912F00CCD5DE /* Helpers */,
				90A7D5E91F16912900CCD5DE /* Controller */,
				90A7D5E81F16912500CCD5DE /* View */,
				90A7D5EC1F16914300CCD5DE /* Services */,
				90A7D5E71F16909C00CCD5DE /* Model */,
				90A7D5F01F1693FC00CCD5DE /* Supporting */,
				90A7D5F11F169D2600CCD5DE /* Storyboards */,
				90A7D5D21F16908800CCD5DE /* AppDelegate.swift */,
				90A7D5D41F16908800CCD5DE /* ViewController.swift */,
				90A7D5DC1F16908800CCD5DE /* Assets.xcassets */,
				90A7D5D91F16908800CCD5DE /* KnowYourDestination.xcdatamodeld */,
			);
			name = Turms;
			path = KnowYourDestination;
			sourceTree = "<group>";
		};
		90A7D5E71F16909C00CCD5DE /* Model */ = {
			isa = PBXGroup;
			children = (
				900D41671F17D79700630C67 /* User.swift */,
				900D41691F17D97900630C67 /* TourGuide.swift */,
				90D1DB0B1F1E8F720030D0F5 /* CityPost.swift */,
			);
			name = Model;
			sourceTree = "<group>";
		};
		90A7D5E81F16912500CCD5DE /* View */ = {
			isa = PBXGroup;
			children = (
				90D997E81F1C43EB00443315 /* Table Cells */,
				90A7D5FB1F16D55500CCD5DE /* EmailLoginView.swift */,
				90EDB47A1F3B92D000332ACC /* GifImageView.swift */,
				90D997DC1F1C185500443315 /* RegisterView.swift */,
				90EDB47E1F3BA8BE00332ACC /* CustomTextField.swift */,
			);
			name = View;
			sourceTree = "<group>";
		};
		90A7D5E91F16912900CCD5DE /* Controller */ = {
			isa = PBXGroup;
			children = (
				908285361F33F7E70007111A /* General User */,
				908285351F33F7DE0007111A /* Guide */,
				90A7D5F41F16A62900CCD5DE /* LoginVC.swift */,
				90A7D5F61F16A6BC00CCD5DE /* CreateProfileWithEmailVC.swift */,
				90D997E01F1C30EC00443315 /* UserFeedVC.swift */,
				90D997E21F1C310400443315 /* TravelGuideFeedVC.swift */,
				90D997E61F1C391800443315 /* RegisterVC.swift */,
				90D1DB1C1F1EFA490030D0F5 /* CreateCityPostVC.swift */,
				9074FD3D1F38DC10002F411A /* FindALocalVC.swift */,
			);
			name = Controller;
			sourceTree = "<group>";
		};
		90A7D5EA1F16912F00CCD5DE /* Helpers */ = {
			isa = PBXGroup;
			children = (
				9032059B1F3AD0A0009FCCE4 /* TurmsPaginationHelper.swift */,
			);
			name = Helpers;
			sourceTree = "<group>";
		};
		90A7D5EC1F16914300CCD5DE /* Services */ = {
			isa = PBXGroup;
			children = (
				906625DA1F1D52BD00B9087F /* UserService.swift */,
				906625DE1F1DB8FE00B9087F /* TourGuideService.swift */,
				90D1DB0D1F1EA58A0030D0F5 /* CityPostService.swift */,
				9019EDC91F266FE600523FDD /* VoteService.swift */,
			);
			name = Services;
			sourceTree = "<group>";
		};
		90A7D5ED1F16914E00CCD5DE /* Extensions */ = {
			isa = PBXGroup;
			children = (
				90D997E41F1C343D00443315 /* Storyboard+Utility.swift */,
				900158351F2020750039C908 /* CreateCityPostVC+handlers.swift */,
				9019EDCB1F2A52CC00523FDD /* UITableViewCell+IndexPath.swift */,
				90248D001F32766600A4CF6D /* UIView+Border.swift */,
				90248D021F3276C500A4CF6D /* UIColor+Theme.swift */,
				908285331F33E41C0007111A /* UILabel+Rounded.swift */,
				90C5CC051F3A21B700382415 /* MaterialView.swift */,
				903975851F38E606002C9B6B /* UITextView+Placeholder.swift */,
				90EDB4821F3BAF8B00332ACC /* UIView+Rounded.swift */,
			);
			name = Extensions;
			sourceTree = "<group>";
		};
		90A7D5F01F1693FC00CCD5DE /* Supporting */ = {
			isa = PBXGroup;
			children = (
				90A7D5DE1F16908800CCD5DE /* LaunchScreen.storyboard */,
				9032059D1F3B7FEA009FCCE4 /* double_line_7.ttf */,
				90EDB47C1F3B9E7300332ACC /* loginGif.gif */,
				90EDB4801F3BAA5800332ACC /* registerGif.gif */,
				90A7D5E11F16908800CCD5DE /* Info.plist */,
				90A7D5EE1F1693F800CCD5DE /* GoogleService-Info.plist */,
				900D416B1F17DA0400630C67 /* Constants.swift */,
				906625DC1F1D530F00B9087F /* Typealias.swift */,
			);
			name = Supporting;
			sourceTree = "<group>";
		};
		90A7D5F11F169D2600CCD5DE /* Storyboards */ = {
			isa = PBXGroup;
			children = (
				90A7D5F81F16D4C600CCD5DE /* Xib */,
				90A7D5D61F16908800CCD5DE /* Main.storyboard */,
				90A7D5F21F16A08800CCD5DE /* Login.storyboard */,
				90D997DE1F1C2FB100443315 /* Guide.storyboard */,
			);
			name = Storyboards;
			sourceTree = "<group>";
		};
		90A7D5F81F16D4C600CCD5DE /* Xib */ = {
			isa = PBXGroup;
			children = (
				90A7D5F91F16D4E500CCD5DE /* EmailLogin.xib */,
				90D997DA1F1C17DE00443315 /* Register.xib */,
			);
			name = Xib;
			sourceTree = "<group>";
		};
		90D997E81F1C43EB00443315 /* Table Cells */ = {
			isa = PBXGroup;
			children = (
				906625D41F1D290500B9087F /* ExploreFeedTextCell.swift */,
				906625D61F1D382D00B9087F /* ExploreFeedImageCell.swift */,
				906625D81F1D384300B9087F /* ExploreFeedFooterCell.swift */,
				903510621F37D7AE002ED718 /* ExploreFeedHeaderCell.swift */,
			);
			name = "Table Cells";
			sourceTree = "<group>";
		};
		A1EDC4C65147F4941A7A6498 /* Frameworks */ = {
			isa = PBXGroup;
			children = (
				9EB50075B0C0519456E0AF53 /* Pods_KnowYourDestination.framework */,
				0B7B0E02F13D6DFE0132AFF0 /* Pods_Turms.framework */,
			);
			name = Frameworks;
			sourceTree = "<group>";
		};
/* End PBXGroup section */

/* Begin PBXNativeTarget section */
		90A7D5CE1F16908800CCD5DE /* KnowYourDestination */ = {
			isa = PBXNativeTarget;
			buildConfigurationList = 90A7D5E41F16908800CCD5DE /* Build configuration list for PBXNativeTarget "KnowYourDestination" */;
			buildPhases = (
				CC3F35E92CC9D7C0BE70583D /* [CP] Check Pods Manifest.lock */,
				90A7D5CB1F16908800CCD5DE /* Sources */,
				90A7D5CC1F16908800CCD5DE /* Frameworks */,
				90A7D5CD1F16908800CCD5DE /* Resources */,
				55198D87513B2A9218A3A129 /* [CP] Embed Pods Frameworks */,
				6E1A7E012DA8164AB4A968BB /* [CP] Copy Pods Resources */,
			);
			buildRules = (
			);
			dependencies = (
			);
			name = KnowYourDestination;
			productName = KnowYourDestination;
			productReference = 90A7D5CF1F16908800CCD5DE /* KnowYourDestination.app */;
			productType = "com.apple.product-type.application";
		};
/* End PBXNativeTarget section */

/* Begin PBXProject section */
		90A7D5C71F16908800CCD5DE /* Project object */ = {
			isa = PBXProject;
			attributes = {
				LastSwiftUpdateCheck = 0830;
				LastUpgradeCheck = 0830;
				ORGANIZATIONNAME = Specialist;
				TargetAttributes = {
					90A7D5CE1F16908800CCD5DE = {
						CreatedOnToolsVersion = 8.3.3;
						DevelopmentTeam = PCNZSAFPQA;
						ProvisioningStyle = Automatic;
					};
				};
			};
			buildConfigurationList = 90A7D5CA1F16908800CCD5DE /* Build configuration list for PBXProject "KnowYourDestination" */;
			compatibilityVersion = "Xcode 3.2";
			developmentRegion = English;
			hasScannedForEncodings = 0;
			knownRegions = (
				en,
				Base,
			);
			mainGroup = 90A7D5C61F16908800CCD5DE;
			productRefGroup = 90A7D5D01F16908800CCD5DE /* Products */;
			projectDirPath = "";
			projectRoot = "";
			targets = (
				90A7D5CE1F16908800CCD5DE /* KnowYourDestination */,
			);
		};
/* End PBXProject section */

/* Begin PBXResourcesBuildPhase section */
		90A7D5CD1F16908800CCD5DE /* Resources */ = {
			isa = PBXResourcesBuildPhase;
			buildActionMask = 2147483647;
			files = (
				90A7D5FA1F16D4E500CCD5DE /* EmailLogin.xib in Resources */,
				90D997DF1F1C2FB100443315 /* Guide.storyboard in Resources */,
				90A7D5E01F16908800CCD5DE /* LaunchScreen.storyboard in Resources */,
				90EDB4811F3BAA5800332ACC /* registerGif.gif in Resources */,
				90A7D5EF1F1693F800CCD5DE /* GoogleService-Info.plist in Resources */,
				9032059E1F3B7FEA009FCCE4 /* double_line_7.ttf in Resources */,
				90A7D5DD1F16908800CCD5DE /* Assets.xcassets in Resources */,
				90D997DB1F1C17DE00443315 /* Register.xib in Resources */,
				90A7D5F31F16A08800CCD5DE /* Login.storyboard in Resources */,
				90EDB47D1F3B9E7300332ACC /* loginGif.gif in Resources */,
				90A7D5D81F16908800CCD5DE /* Main.storyboard in Resources */,
			);
			runOnlyForDeploymentPostprocessing = 0;
		};
/* End PBXResourcesBuildPhase section */

/* Begin PBXShellScriptBuildPhase section */
		55198D87513B2A9218A3A129 /* [CP] Embed Pods Frameworks */ = {
			isa = PBXShellScriptBuildPhase;
			buildActionMask = 2147483647;
			files = (
			);
			inputPaths = (
			);
			name = "[CP] Embed Pods Frameworks";
			outputPaths = (
			);
			runOnlyForDeploymentPostprocessing = 0;
			shellPath = /bin/sh;
			shellScript = "\"${SRCROOT}/Pods/Target Support Files/Pods-KnowYourDestination/Pods-KnowYourDestination-frameworks.sh\"\n";
			showEnvVarsInLog = 0;
		};
		6E1A7E012DA8164AB4A968BB /* [CP] Copy Pods Resources */ = {
			isa = PBXShellScriptBuildPhase;
			buildActionMask = 2147483647;
			files = (
			);
			inputPaths = (
			);
			name = "[CP] Copy Pods Resources";
			outputPaths = (
			);
			runOnlyForDeploymentPostprocessing = 0;
			shellPath = /bin/sh;
			shellScript = "\"${SRCROOT}/Pods/Target Support Files/Pods-KnowYourDestination/Pods-KnowYourDestination-resources.sh\"\n";
			showEnvVarsInLog = 0;
		};
		CC3F35E92CC9D7C0BE70583D /* [CP] Check Pods Manifest.lock */ = {
			isa = PBXShellScriptBuildPhase;
			buildActionMask = 2147483647;
			files = (
			);
			inputPaths = (
			);
			name = "[CP] Check Pods Manifest.lock";
			outputPaths = (
			);
			runOnlyForDeploymentPostprocessing = 0;
			shellPath = /bin/sh;
			shellScript = "diff \"${PODS_PODFILE_DIR_PATH}/Podfile.lock\" \"${PODS_ROOT}/Manifest.lock\" > /dev/null\nif [ $? != 0 ] ; then\n    # print error to STDERR\n    echo \"error: The sandbox is not in sync with the Podfile.lock. Run 'pod install' or update your CocoaPods installation.\" >&2\n    exit 1\nfi\n";
			showEnvVarsInLog = 0;
		};
/* End PBXShellScriptBuildPhase section */

/* Begin PBXSourcesBuildPhase section */
		90A7D5CB1F16908800CCD5DE /* Sources */ = {
			isa = PBXSourcesBuildPhase;
			buildActionMask = 2147483647;
			files = (
				90248D031F3276C500A4CF6D /* UIColor+Theme.swift in Sources */,
				90D1DB0C1F1E8F720030D0F5 /* CityPost.swift in Sources */,
				90A7D5D51F16908800CCD5DE /* ViewController.swift in Sources */,
				90D1DB1D1F1EFA490030D0F5 /* CreateCityPostVC.swift in Sources */,
				90A7D5D31F16908800CCD5DE /* AppDelegate.swift in Sources */,
				906625DF1F1DB8FE00B9087F /* TourGuideService.swift in Sources */,
				906625DB1F1D52BD00B9087F /* UserService.swift in Sources */,
				900D416A1F17D97900630C67 /* TourGuide.swift in Sources */,
				900158361F2020750039C908 /* CreateCityPostVC+handlers.swift in Sources */,
				90A7D5F51F16A62900CCD5DE /* LoginVC.swift in Sources */,
				90A7D5FC1F16D55500CCD5DE /* EmailLoginView.swift in Sources */,
				9032059C1F3AD0A0009FCCE4 /* TurmsPaginationHelper.swift in Sources */,
				90D997E11F1C30EC00443315 /* UserFeedVC.swift in Sources */,
				90C5CC061F3A21B700382415 /* MaterialView.swift in Sources */,
				90248D011F32766600A4CF6D /* UIView+Border.swift in Sources */,
				906625D51F1D290500B9087F /* ExploreFeedTextCell.swift in Sources */,
				90D1DB0E1F1EA58A0030D0F5 /* CityPostService.swift in Sources */,
				90D997DD1F1C185500443315 /* RegisterView.swift in Sources */,
				90D997E31F1C310400443315 /* TravelGuideFeedVC.swift in Sources */,
				906625D91F1D384300B9087F /* ExploreFeedFooterCell.swift in Sources */,
				90A7D5DB1F16908800CCD5DE /* KnowYourDestination.xcdatamodeld in Sources */,
				9019EDCA1F266FE600523FDD /* VoteService.swift in Sources */,
				9019EDCC1F2A52CC00523FDD /* UITableViewCell+IndexPath.swift in Sources */,
				908285381F33F82D0007111A /* GuideProfileVC.swift in Sources */,
				90EDB47F1F3BA8BE00332ACC /* CustomTextField.swift in Sources */,
				90EDB47B1F3B92D000332ACC /* GifImageView.swift in Sources */,
				906625DD1F1D530F00B9087F /* Typealias.swift in Sources */,
				903975861F38E606002C9B6B /* UITextView+Placeholder.swift in Sources */,
				9082853B1F351A570007111A /* UserProfileVC.swift in Sources */,
				90D997E71F1C391800443315 /* RegisterVC.swift in Sources */,
				906625D71F1D382D00B9087F /* ExploreFeedImageCell.swift in Sources */,
				908285341F33E41C0007111A /* UILabel+Rounded.swift in Sources */,
				90EDB4831F3BAF8B00332ACC /* UIView+Rounded.swift in Sources */,
				90A7D5F71F16A6BC00CCD5DE /* CreateProfileWithEmailVC.swift in Sources */,
				903510631F37D7AF002ED718 /* ExploreFeedHeaderCell.swift in Sources */,
				9074FD3E1F38DC10002F411A /* FindALocalVC.swift in Sources */,
				90D997E51F1C343D00443315 /* Storyboard+Utility.swift in Sources */,
				900D41681F17D79700630C67 /* User.swift in Sources */,
				900D416C1F17DA0400630C67 /* Constants.swift in Sources */,
			);
			runOnlyForDeploymentPostprocessing = 0;
		};
/* End PBXSourcesBuildPhase section */

/* Begin PBXVariantGroup section */
		90A7D5D61F16908800CCD5DE /* Main.storyboard */ = {
			isa = PBXVariantGroup;
			children = (
				90A7D5D71F16908800CCD5DE /* Base */,
			);
			name = Main.storyboard;
			sourceTree = "<group>";
		};
		90A7D5DE1F16908800CCD5DE /* LaunchScreen.storyboard */ = {
			isa = PBXVariantGroup;
			children = (
				90A7D5DF1F16908800CCD5DE /* Base */,
			);
			name = LaunchScreen.storyboard;
			sourceTree = "<group>";
		};
/* End PBXVariantGroup section */

/* Begin XCBuildConfiguration section */
		90A7D5E21F16908800CCD5DE /* Debug */ = {
			isa = XCBuildConfiguration;
			buildSettings = {
				ALWAYS_SEARCH_USER_PATHS = NO;
				CLANG_ANALYZER_NONNULL = YES;
				CLANG_ANALYZER_NUMBER_OBJECT_CONVERSION = YES_AGGRESSIVE;
				CLANG_CXX_LANGUAGE_STANDARD = "gnu++0x";
				CLANG_CXX_LIBRARY = "libc++";
				CLANG_ENABLE_MODULES = YES;
				CLANG_ENABLE_OBJC_ARC = YES;
				CLANG_WARN_BOOL_CONVERSION = YES;
				CLANG_WARN_CONSTANT_CONVERSION = YES;
				CLANG_WARN_DIRECT_OBJC_ISA_USAGE = YES_ERROR;
				CLANG_WARN_DOCUMENTATION_COMMENTS = YES;
				CLANG_WARN_EMPTY_BODY = YES;
				CLANG_WARN_ENUM_CONVERSION = YES;
				CLANG_WARN_INFINITE_RECURSION = YES;
				CLANG_WARN_INT_CONVERSION = YES;
				CLANG_WARN_OBJC_ROOT_CLASS = YES_ERROR;
				CLANG_WARN_SUSPICIOUS_MOVE = YES;
				CLANG_WARN_UNREACHABLE_CODE = YES;
				CLANG_WARN__DUPLICATE_METHOD_MATCH = YES;
				"CODE_SIGN_IDENTITY[sdk=iphoneos*]" = "iPhone Developer";
				COPY_PHASE_STRIP = NO;
				DEBUG_INFORMATION_FORMAT = dwarf;
				ENABLE_BITCODE = YES;
				ENABLE_STRICT_OBJC_MSGSEND = YES;
				ENABLE_TESTABILITY = YES;
				GCC_C_LANGUAGE_STANDARD = gnu99;
				GCC_DYNAMIC_NO_PIC = NO;
				GCC_NO_COMMON_BLOCKS = YES;
				GCC_OPTIMIZATION_LEVEL = 0;
				GCC_PREPROCESSOR_DEFINITIONS = (
					"DEBUG=1",
					"$(inherited)",
				);
				GCC_WARN_64_TO_32_BIT_CONVERSION = YES;
				GCC_WARN_ABOUT_RETURN_TYPE = YES_ERROR;
				GCC_WARN_UNDECLARED_SELECTOR = YES;
				GCC_WARN_UNINITIALIZED_AUTOS = YES_AGGRESSIVE;
				GCC_WARN_UNUSED_FUNCTION = YES;
				GCC_WARN_UNUSED_VARIABLE = YES;
				IPHONEOS_DEPLOYMENT_TARGET = 10.3;
				MTL_ENABLE_DEBUG_INFO = YES;
				ONLY_ACTIVE_ARCH = YES;
				SDKROOT = iphoneos;
				SWIFT_ACTIVE_COMPILATION_CONDITIONS = DEBUG;
				SWIFT_OPTIMIZATION_LEVEL = "-Onone";
				SWIFT_REFLECTION_METADATA_LEVEL = none;
				TARGETED_DEVICE_FAMILY = "1,2";
			};
			name = Debug;
		};
		90A7D5E31F16908800CCD5DE /* Release */ = {
			isa = XCBuildConfiguration;
			buildSettings = {
				ALWAYS_SEARCH_USER_PATHS = NO;
				CLANG_ANALYZER_NONNULL = YES;
				CLANG_ANALYZER_NUMBER_OBJECT_CONVERSION = YES_AGGRESSIVE;
				CLANG_CXX_LANGUAGE_STANDARD = "gnu++0x";
				CLANG_CXX_LIBRARY = "libc++";
				CLANG_ENABLE_MODULES = YES;
				CLANG_ENABLE_OBJC_ARC = YES;
				CLANG_WARN_BOOL_CONVERSION = YES;
				CLANG_WARN_CONSTANT_CONVERSION = YES;
				CLANG_WARN_DIRECT_OBJC_ISA_USAGE = YES_ERROR;
				CLANG_WARN_DOCUMENTATION_COMMENTS = YES;
				CLANG_WARN_EMPTY_BODY = YES;
				CLANG_WARN_ENUM_CONVERSION = YES;
				CLANG_WARN_INFINITE_RECURSION = YES;
				CLANG_WARN_INT_CONVERSION = YES;
				CLANG_WARN_OBJC_ROOT_CLASS = YES_ERROR;
				CLANG_WARN_SUSPICIOUS_MOVE = YES;
				CLANG_WARN_UNREACHABLE_CODE = YES;
				CLANG_WARN__DUPLICATE_METHOD_MATCH = YES;
				"CODE_SIGN_IDENTITY[sdk=iphoneos*]" = "iPhone Developer";
				COPY_PHASE_STRIP = NO;
				DEBUG_INFORMATION_FORMAT = "dwarf-with-dsym";
				ENABLE_BITCODE = YES;
				ENABLE_NS_ASSERTIONS = NO;
				ENABLE_STRICT_OBJC_MSGSEND = YES;
				GCC_C_LANGUAGE_STANDARD = gnu99;
				GCC_NO_COMMON_BLOCKS = YES;
				GCC_WARN_64_TO_32_BIT_CONVERSION = YES;
				GCC_WARN_ABOUT_RETURN_TYPE = YES_ERROR;
				GCC_WARN_UNDECLARED_SELECTOR = YES;
				GCC_WARN_UNINITIALIZED_AUTOS = YES_AGGRESSIVE;
				GCC_WARN_UNUSED_FUNCTION = YES;
				GCC_WARN_UNUSED_VARIABLE = YES;
				IPHONEOS_DEPLOYMENT_TARGET = 10.3;
				MTL_ENABLE_DEBUG_INFO = NO;
				SDKROOT = iphoneos;
				SWIFT_OPTIMIZATION_LEVEL = "-Owholemodule";
				SWIFT_REFLECTION_METADATA_LEVEL = none;
				TARGETED_DEVICE_FAMILY = "1,2";
				VALIDATE_PRODUCT = YES;
			};
			name = Release;
		};
		90A7D5E51F16908800CCD5DE /* Debug */ = {
			isa = XCBuildConfiguration;
			baseConfigurationReference = 0677274755770CDF328D3F27 /* Pods-KnowYourDestination.debug.xcconfig */;
			buildSettings = {
				ASSETCATALOG_COMPILER_APPICON_NAME = AppIcon;
				DEVELOPMENT_TEAM = PCNZSAFPQA;
				INFOPLIST_FILE = KnowYourDestination/Info.plist;
				LD_RUNPATH_SEARCH_PATHS = "$(inherited) @executable_path/Frameworks";
				PRODUCT_BUNDLE_IDENTIFIER = com.Specialist.Dev.Turms;
				PRODUCT_NAME = "$(TARGET_NAME)";
				SWIFT_VERSION = 3.0;
				TARGETED_DEVICE_FAMILY = 1;
			};
			name = Debug;
		};
		90A7D5E61F16908800CCD5DE /* Release */ = {
			isa = XCBuildConfiguration;
			baseConfigurationReference = 13CCBE295C858F1C63624D4A /* Pods-KnowYourDestination.release.xcconfig */;
			buildSettings = {
				ASSETCATALOG_COMPILER_APPICON_NAME = AppIcon;
				DEVELOPMENT_TEAM = PCNZSAFPQA;
				INFOPLIST_FILE = KnowYourDestination/Info.plist;
				LD_RUNPATH_SEARCH_PATHS = "$(inherited) @executable_path/Frameworks";
				PRODUCT_BUNDLE_IDENTIFIER = com.Specialist.Dev.Turms;
				PRODUCT_NAME = "$(TARGET_NAME)";
				SWIFT_VERSION = 3.0;
				TARGETED_DEVICE_FAMILY = 1;
			};
			name = Release;
		};
/* End XCBuildConfiguration section */

/* Begin XCConfigurationList section */
		90A7D5CA1F16908800CCD5DE /* Build configuration list for PBXProject "KnowYourDestination" */ = {
			isa = XCConfigurationList;
			buildConfigurations = (
				90A7D5E21F16908800CCD5DE /* Debug */,
				90A7D5E31F16908800CCD5DE /* Release */,
			);
			defaultConfigurationIsVisible = 0;
			defaultConfigurationName = Release;
		};
		90A7D5E41F16908800CCD5DE /* Build configuration list for PBXNativeTarget "KnowYourDestination" */ = {
			isa = XCConfigurationList;
			buildConfigurations = (
				90A7D5E51F16908800CCD5DE /* Debug */,
				90A7D5E61F16908800CCD5DE /* Release */,
			);
			defaultConfigurationIsVisible = 0;
			defaultConfigurationName = Release;
		};
/* End XCConfigurationList section */

/* Begin XCVersionGroup section */
		90A7D5D91F16908800CCD5DE /* KnowYourDestination.xcdatamodeld */ = {
			isa = XCVersionGroup;
			children = (
				90A7D5DA1F16908800CCD5DE /* KnowYourDestination.xcdatamodel */,
			);
			currentVersion = 90A7D5DA1F16908800CCD5DE /* KnowYourDestination.xcdatamodel */;
			path = KnowYourDestination.xcdatamodeld;
			sourceTree = "<group>";
			versionGroupType = wrapper.xcdatamodel;
		};
/* End XCVersionGroup section */
	};
	rootObject = 90A7D5C71F16908800CCD5DE /* Project object */;
}
